{
  "lockfileVersion": 1,
  "configVersion": 1,
  "workspaces": {
    "": {
      "name": "pose",
      "dependencies": {
        "@unocss/core": "^66.6.7",
        "@unocss/preset-wind4": "^66.6.7",
      },
      "devDependencies": {
        "@types/bun": "latest",
        "zod": "^4.3.6",
      },
      "peerDependencies": {
        "typescript": "^5",
      },
    },
  },
  "packages": {
    "@jridgewell/sourcemap-codec": ["@jridgewell/sourcemap-codec@1.5.5", "", {}, "sha512-cYQ9310grqxueWbl+WuIUIaiUaDcj7WOq5fVhEljNVgRfOUhY9fy2zTvfoqWsnebh8Sl70VScFbICvJnLKB0Og=="],

    "@types/bun": ["@types/bun@1.3.10", "", { "dependencies": { "bun-types": "1.3.10" } }, "sha512-0+rlrUrOrTSskibryHbvQkDOWRJwJZqZlxrUs1u4oOoTln8+WIXBPmAuCF35SWB2z4Zl3E84Nl/D0P7803nigQ=="],

    "@types/node": ["@types/node@25.5.0", "", { "dependencies": { "undici-types": "~7.18.0" } }, "sha512-jp2P3tQMSxWugkCUKLRPVUpGaL5MVFwF8RDuSRztfwgN1wmqJeMSbKlnEtQqU8UrhTmzEmZdu2I6v2dpp7XIxw=="],

    "@unocss/core": ["@unocss/core@66.6.7", "", {}, "sha512-Q8456iWFtdwrUNYKVOQY8ygRggjZOVtLc6Jc8KIkxig7OiNlUWOgXJTfCh4I8g6jBYzC5eHaHFDLgJOmOrxBsg=="],

    "@unocss/extractor-arbitrary-variants": ["@unocss/extractor-arbitrary-variants@66.6.7", "", { "dependencies": { "@unocss/core": "66.6.7" } }, "sha512-PQiBHK0yUJ0BR+3GYnTPU6va6HVSRPV+O+s1zZmt23TWbyIeucoKCNR47TDtv+Z1xuksY8krIjtDYtufdrVWKw=="],

    "@unocss/preset-wind4": ["@unocss/preset-wind4@66.6.7", "", { "dependencies": { "@unocss/core": "66.6.7", "@unocss/extractor-arbitrary-variants": "66.6.7", "@unocss/rule-utils": "66.6.7" } }, "sha512-9grhWeBsFzpv8iER9AFATRaxLyXMCwGQ5HzeI4XZh2ZZ9O6vC7nYfGhns4/I+F/RpFglzU1bjqMWRS/DS8OpGQ=="],

    "@unocss/rule-utils": ["@unocss/rule-utils@66.6.7", "", { "dependencies": { "@unocss/core": "^66.6.7", "magic-string": "^0.30.21" } }, "sha512-4PT/s8yKIShSqP9XPSw4EjbZopcu3wlIB9i3kbGbzQwF91H+0Yy10guK3kHDGtkmWVN6Np6VvaGIj2UcbmaivA=="],

    "bun-types": ["bun-types@1.3.10", "", { "dependencies": { "@types/node": "*" } }, "sha512-tcpfCCl6XWo6nCVnpcVrxQ+9AYN1iqMIzgrSKYMB/fjLtV2eyAVEg7AxQJuCq/26R6HpKWykQXuSOq/21RYcbg=="],

    "magic-string": ["magic-string@0.30.21", "", { "dependencies": { "@jridgewell/sourcemap-codec": "^1.5.5" } }, "sha512-vd2F4YUyEXKGcLHoq+TEyCjxueSeHnFxyyjNp80yg0XV4vUhnDer/lvvlqM/arB5bXQN5K2/3oinyCRyx8T2CQ=="],

    "typescript": ["typescript@5.9.3", "", { "bin": { "tsc": "bin/tsc", "tsserver": "bin/tsserver" } }, "sha512-jl1vZzPDinLr9eUt3J/t7V6FgNEw9QjvBPdysz9KfQDD41fQrC2Y4vKQdiaUpFT4bXlb1RHhLpp8wtm6M5TgSw=="],

    "undici-types": ["undici-types@7.18.2", "", {}, "sha512-AsuCzffGHJybSaRrmr5eHr81mwJU3kjw6M+uprWvCXiNeN9SOGwQ3Jn8jb8m3Z6izVgknn1R0FTCEAP2QrLY/w=="],

    "zod": ["zod@4.3.6", "", {}, "sha512-rftlrkhHZOcjDwkGlnUtZZkvaPHCsDATp4pGpuOOMDaTdDDXF91wuVDJoWoPsKX/3YPQ5fHuF3STjcYyKr+Qhg=="],
  }
}
